
Microsoft Visual Studio Solution File, Format Version 12.00
# Visual Studio Version 18
VisualStudioVersion = 18.4.11626.88
MinimumVisualStudioVersion = 10.0.40219.1
Project("{FAE04EC0-301F-11D3-BF4B-00C04F79EFBC}") = "Mawanay_IT201NS_Midterm_LabActivity1", "Mawanay_IT201NS_Midterm_LabActivity1.csproj", "{05BB3D2B-1A06-42FF-A23F-54BCFFB31157}"
EndProject
Global
	GlobalSection(SolutionConfigurationPlatforms) = preSolution
		Debug|Any CPU = Debug|Any CPU
		Release|Any CPU = Release|Any CPU
	EndGlobalSection
	GlobalSection(ProjectConfigurationPlatforms) = postSolution
		{05BB3D2B-1A06-42FF-A23F-54BCFFB31157}.Debug|Any CPU.ActiveCfg = Debug|Any CPU
		{05BB3D2B-1A06-42FF-A23F-54BCFFB31157}.Debug|Any CPU.Build.0 = Debug|Any CPU
		{05BB3D2B-1A06-42FF-A23F-54BCFFB31157}.Release|Any CPU.ActiveCfg = Release|Any CPU
		{05BB3D2B-1A06-42FF-A23F-54BCFFB31157}.Release|Any CPU.Build.0 = Release|Any CPU
	EndGlobalSection
	GlobalSection(SolutionProperties) = preSolution
		HideSolutionNode = FALSE
	EndGlobalSection
	GlobalSection(ExtensibilityGlobals) = postSolution
		SolutionGuid = {C609D65C-DA54-46A0-AB79-40E450040509}
	EndGlobalSection
EndGlobal
